
Microsoft Visual Studio Solution File, Format Version 12.00
# Visual Studio Version 17
VisualStudioVersion = 17.5.33530.505
MinimumVisualStudioVersion = 10.0.40219.1
Project("{FAE04EC0-301F-11D3-BF4B-00C04F79EFBC}") = "WebApiMediaDF", "WebApiMediaDF\WebApiMediaDF.csproj", "{B043C1CE-FFAE-468A-A194-AABB4C08FC6E}"
EndProject
Global
	GlobalSection(SolutionConfigurationPlatforms) = preSolution
		Debug|Any CPU = Debug|Any CPU
		Release|Any CPU = Release|Any CPU
	EndGlobalSection
	GlobalSection(ProjectConfigurationPlatforms) = postSolution
		{B043C1CE-FFAE-468A-A194-AABB4C08FC6E}.Debug|Any CPU.ActiveCfg = Debug|Any CPU
		{B043C1CE-FFAE-468A-A194-AABB4C08FC6E}.Debug|Any CPU.Build.0 = Debug|Any CPU
		{B043C1CE-FFAE-468A-A194-AABB4C08FC6E}.Release|Any CPU.ActiveCfg = Release|Any CPU
		{B043C1CE-FFAE-468A-A194-AABB4C08FC6E}.Release|Any CPU.Build.0 = Release|Any CPU
	EndGlobalSection
	GlobalSection(SolutionProperties) = preSolution
		HideSolutionNode = FALSE
	EndGlobalSection
	GlobalSection(ExtensibilityGlobals) = postSolution
		SolutionGuid = {95D8CE0F-E1FA-4876-8212-6E6600E359EA}
	EndGlobalSection
EndGlobal
